
Microsoft Visual Studio Solution File, Format Version 12.00
# Visual Studio Version 16
VisualStudioVersion = 16.0.29728.190
MinimumVisualStudioVersion = 10.0.40219.1
Project("{FAE04EC0-301F-11D3-BF4B-00C04F79EFBC}") = "Conveys Game of Life", "Conveys Game of Life.csproj", "{8650A68A-0A94-4D22-89B6-D56D6A1BC1B7}"
EndProject
Project("{FAE04EC0-301F-11D3-BF4B-00C04F79EFBC}") = "UnitTestGOL", "..\UnitTestGOL\UnitTestGOL.csproj", "{016F35BF-AD6D-48DD-84EA-23E603FADCED}"
EndProject
Global
	GlobalSection(SolutionConfigurationPlatforms) = preSolution
		Debug|Any CPU = Debug|Any CPU
		Release|Any CPU = Release|Any CPU
	EndGlobalSection
	GlobalSection(ProjectConfigurationPlatforms) = postSolution
		{8650A68A-0A94-4D22-89B6-D56D6A1BC1B7}.Debug|Any CPU.ActiveCfg = Debug|Any CPU
		{8650A68A-0A94-4D22-89B6-D56D6A1BC1B7}.Debug|Any CPU.Build.0 = Debug|Any CPU
		{8650A68A-0A94-4D22-89B6-D56D6A1BC1B7}.Release|Any CPU.ActiveCfg = Release|Any CPU
		{8650A68A-0A94-4D22-89B6-D56D6A1BC1B7}.Release|Any CPU.Build.0 = Release|Any CPU
		{016F35BF-AD6D-48DD-84EA-23E603FADCED}.Debug|Any CPU.ActiveCfg = Debug|Any CPU
		{016F35BF-AD6D-48DD-84EA-23E603FADCED}.Debug|Any CPU.Build.0 = Debug|Any CPU
		{016F35BF-AD6D-48DD-84EA-23E603FADCED}.Release|Any CPU.ActiveCfg = Release|Any CPU
		{016F35BF-AD6D-48DD-84EA-23E603FADCED}.Release|Any CPU.Build.0 = Release|Any CPU
	EndGlobalSection
	GlobalSection(SolutionProperties) = preSolution
		HideSolutionNode = FALSE
	EndGlobalSection
	GlobalSection(ExtensibilityGlobals) = postSolution
		SolutionGuid = {06374258-E173-4A5D-B9EE-0FA4B5C57F32}
	EndGlobalSection
EndGlobal
